
Microsoft Visual Studio Solution File, Format Version 12.00
# Visual Studio Version 16
VisualStudioVersion = 16.0.31229.75
MinimumVisualStudioVersion = 10.0.40219.1
Project("{F184B08F-C81C-45F6-A57F-5ABD9991F28F}") = "MOVIEBOOKING", "MOVIEBOOKING\MOVIEBOOKING.vbproj", "{95A25531-9157-422E-BF11-F30DAFAA89FF}"
EndProject
Global
	GlobalSection(SolutionConfigurationPlatforms) = preSolution
		Debug|Any CPU = Debug|Any CPU
		Release|Any CPU = Release|Any CPU
	EndGlobalSection
	GlobalSection(ProjectConfigurationPlatforms) = postSolution
		{95A25531-9157-422E-BF11-F30DAFAA89FF}.Debug|Any CPU.ActiveCfg = Debug|Any CPU
		{95A25531-9157-422E-BF11-F30DAFAA89FF}.Debug|Any CPU.Build.0 = Debug|Any CPU
		{95A25531-9157-422E-BF11-F30DAFAA89FF}.Release|Any CPU.ActiveCfg = Release|Any CPU
		{95A25531-9157-422E-BF11-F30DAFAA89FF}.Release|Any CPU.Build.0 = Release|Any CPU
	EndGlobalSection
	GlobalSection(SolutionProperties) = preSolution
		HideSolutionNode = FALSE
	EndGlobalSection
	GlobalSection(ExtensibilityGlobals) = postSolution
		SolutionGuid = {B614DDAD-2E97-4093-B0B9-CF2D8C9602EE}
	EndGlobalSection
EndGlobal
